
Microsoft Visual Studio Solution File, Format Version 12.00
# Visual Studio 15
VisualStudioVersion = 15.0.27004.2002
MinimumVisualStudioVersion = 10.0.40219.1
Project("{FAE04EC0-301F-11D3-BF4B-00C04F79EFBC}") = "MVCReactHybrid", "MVCReactHybrid\MVCReactHybrid.csproj", "{62B5C50B-6C65-446B-974F-A8A81FF2582A}"
EndProject
Global
	GlobalSection(SolutionConfigurationPlatforms) = preSolution
		Debug|Any CPU = Debug|Any CPU
		Release|Any CPU = Release|Any CPU
	EndGlobalSection
	GlobalSection(ProjectConfigurationPlatforms) = postSolution
		{62B5C50B-6C65-446B-974F-A8A81FF2582A}.Debug|Any CPU.ActiveCfg = Debug|Any CPU
		{62B5C50B-6C65-446B-974F-A8A81FF2582A}.Debug|Any CPU.Build.0 = Debug|Any CPU
		{62B5C50B-6C65-446B-974F-A8A81FF2582A}.Release|Any CPU.ActiveCfg = Release|Any CPU
		{62B5C50B-6C65-446B-974F-A8A81FF2582A}.Release|Any CPU.Build.0 = Release|Any CPU
	EndGlobalSection
	GlobalSection(SolutionProperties) = preSolution
		HideSolutionNode = FALSE
	EndGlobalSection
	GlobalSection(ExtensibilityGlobals) = postSolution
		SolutionGuid = {4D195F4E-2099-42B7-A80E-46A99C32DA52}
	EndGlobalSection
EndGlobal
